
Microsoft Visual Studio Solution File, Format Version 12.00
# Visual Studio Version 17
VisualStudioVersion = 17.3.32825.248
MinimumVisualStudioVersion = 10.0.40219.1
Project("{FAE04EC0-301F-11D3-BF4B-00C04F79EFBC}") = "misha8", "misha8\misha8.csproj", "{57ED1B8B-CEE7-46DC-93DA-9767C0F9904A}"
EndProject
Global
	GlobalSection(SolutionConfigurationPlatforms) = preSolution
		Debug|Any CPU = Debug|Any CPU
		Release|Any CPU = Release|Any CPU
	EndGlobalSection
	GlobalSection(ProjectConfigurationPlatforms) = postSolution
		{57ED1B8B-CEE7-46DC-93DA-9767C0F9904A}.Debug|Any CPU.ActiveCfg = Debug|Any CPU
		{57ED1B8B-CEE7-46DC-93DA-9767C0F9904A}.Debug|Any CPU.Build.0 = Debug|Any CPU
		{57ED1B8B-CEE7-46DC-93DA-9767C0F9904A}.Release|Any CPU.ActiveCfg = Release|Any CPU
		{57ED1B8B-CEE7-46DC-93DA-9767C0F9904A}.Release|Any CPU.Build.0 = Release|Any CPU
	EndGlobalSection
	GlobalSection(SolutionProperties) = preSolution
		HideSolutionNode = FALSE
	EndGlobalSection
	GlobalSection(ExtensibilityGlobals) = postSolution
		SolutionGuid = {0E6768C2-A76B-4C42-9FAA-4C74FA923880}
	EndGlobalSection
EndGlobal
